// !$*UTF8*$!
{
	archiveVersion = 1;
	classes = {
	};
	objectVersion = 46;
	objects = {

/* Begin PBXBuildFile section */
		748CF9C81E350EAD00796FE3 /* HelperFile.swift in Sources */ = {isa = PBXBuildFile; fileRef = 748CF9C71E350EAC00796FE3 /* HelperFile.swift */; };
		748F52B01E4E87C300309B79 /* SentMemeTableViewController.swift in Sources */ = {isa = PBXBuildFile; fileRef = 748F52AF1E4E87C300309B79 /* SentMemeTableViewController.swift */; };
		748F52B21E4E87E700309B79 /* MemeCollectionViewController.swift in Sources */ = {isa = PBXBuildFile; fileRef = 748F52B11E4E87E700309B79 /* MemeCollectionViewController.swift */; };
		748F52B41E4EAA4800309B79 /* MemeCollectionViewCell.swift in Sources */ = {isa = PBXBuildFile; fileRef = 748F52B31E4EAA4800309B79 /* MemeCollectionViewCell.swift */; };
		749E97851E50D07000277260 /* DetailViewController.swift in Sources */ = {isa = PBXBuildFile; fileRef = 749E97841E50D07000277260 /* DetailViewController.swift */; };
		74C61AE01DCFEAC100167129 /* AppDelegate.swift in Sources */ = {isa = PBXBuildFile; fileRef = 74C61ADF1DCFEAC100167129 /* AppDelegate.swift */; };
		74C61AE21DCFEAC100167129 /* MemeImageController.swift in Sources */ = {isa = PBXBuildFile; fileRef = 74C61AE11DCFEAC100167129 /* MemeImageController.swift */; };
		74C61AE51DCFEAC100167129 /* Main.storyboard in Resources */ = {isa = PBXBuildFile; fileRef = 74C61AE31DCFEAC100167129 /* Main.storyboard */; };
		74C61AE71DCFEAC100167129 /* Assets.xcassets in Resources */ = {isa = PBXBuildFile; fileRef = 74C61AE61DCFEAC100167129 /* Assets.xcassets */; };
		74C61AEA1DCFEAC100167129 /* LaunchScreen.storyboard in Resources */ = {isa = PBXBuildFile; fileRef = 74C61AE81DCFEAC100167129 /* LaunchScreen.storyboard */; };
/* End PBXBuildFile section */

/* Begin PBXFileReference section */
		748CF9C71E350EAC00796FE3 /* HelperFile.swift */ = {isa = PBXFileReference; fileEncoding = 4; lastKnownFileType = sourcecode.swift; path = HelperFile.swift; sourceTree = "<group>"; };
		748F52AF1E4E87C300309B79 /* SentMemeTableViewController.swift */ = {isa = PBXFileReference; fileEncoding = 4; lastKnownFileType = sourcecode.swift; path = SentMemeTableViewController.swift; sourceTree = "<group>"; };
		748F52B11E4E87E700309B79 /* MemeCollectionViewController.swift */ = {isa = PBXFileReference; fileEncoding = 4; lastKnownFileType = sourcecode.swift; path = MemeCollectionViewController.swift; sourceTree = "<group>"; };
		748F52B31E4EAA4800309B79 /* MemeCollectionViewCell.swift */ = {isa = PBXFileReference; fileEncoding = 4; lastKnownFileType = sourcecode.swift; path = MemeCollectionViewCell.swift; sourceTree = "<group>"; };
		749E97841E50D07000277260 /* DetailViewController.swift */ = {isa = PBXFileReference; fileEncoding = 4; lastKnownFileType = sourcecode.swift; path = DetailViewController.swift; sourceTree = "<group>"; };
		74C61ADC1DCFEAC100167129 /* PickImage.app */ = {isa = PBXFileReference; explicitFileType = wrapper.application; includeInIndex = 0; path = PickImage.app; sourceTree = BUILT_PRODUCTS_DIR; };
		74C61ADF1DCFEAC100167129 /* AppDelegate.swift */ = {isa = PBXFileReference; lastKnownFileType = sourcecode.swift; path = AppDelegate.swift; sourceTree = "<group>"; };
		74C61AE11DCFEAC100167129 /* MemeImageController.swift */ = {isa = PBXFileReference; lastKnownFileType = sourcecode.swift; path = MemeImageController.swift; sourceTree = "<group>"; };
		74C61AE41DCFEAC100167129 /* Base */ = {isa = PBXFileReference; lastKnownFileType = file.storyboard; name = Base; path = Base.lproj/Main.storyboard; sourceTree = "<group>"; };
		74C61AE61DCFEAC100167129 /* Assets.xcassets */ = {isa = PBXFileReference; lastKnownFileType = folder.assetcatalog; path = Assets.xcassets; sourceTree = "<group>"; };
		74C61AE91DCFEAC100167129 /* Base */ = {isa = PBXFileReference; lastKnownFileType = file.storyboard; name = Base; path = Base.lproj/LaunchScreen.storyboard; sourceTree = "<group>"; };
		74C61AEB1DCFEAC100167129 /* Info.plist */ = {isa = PBXFileReference; lastKnownFileType = text.plist.xml; path = Info.plist; sourceTree = "<group>"; };
/* End PBXFileReference section */

/* Begin PBXFrameworksBuildPhase section */
		74C61AD91DCFEAC000167129 /* Frameworks */ = {
			isa = PBXFrameworksBuildPhase;
			buildActionMask = 2147483647;
			files = (
			);
			runOnlyForDeploymentPostprocessing = 0;
		};
/* End PBXFrameworksBuildPhase section */

/* Begin PBXGroup section */
		74C61AD31DCFEABF00167129 = {
			isa = PBXGroup;
			children = (
				74C61ADE1DCFEAC100167129 /* PickImage */,
				74C61ADD1DCFEAC100167129 /* Products */,
			);
			sourceTree = "<group>";
		};
		74C61ADD1DCFEAC100167129 /* Products */ = {
			isa = PBXGroup;
			children = (
				74C61ADC1DCFEAC100167129 /* PickImage.app */,
			);
			name = Products;
			sourceTree = "<group>";
		};
		74C61ADE1DCFEAC100167129 /* PickImage */ = {
			isa = PBXGroup;
			children = (
				74C61ADF1DCFEAC100167129 /* AppDelegate.swift */,
				74C61AE11DCFEAC100167129 /* MemeImageController.swift */,
				74C61AE31DCFEAC100167129 /* Main.storyboard */,
				74C61AE61DCFEAC100167129 /* Assets.xcassets */,
				74C61AE81DCFEAC100167129 /* LaunchScreen.storyboard */,
				74C61AEB1DCFEAC100167129 /* Info.plist */,
				748CF9C71E350EAC00796FE3 /* HelperFile.swift */,
				748F52AF1E4E87C300309B79 /* SentMemeTableViewController.swift */,
				748F52B11E4E87E700309B79 /* MemeCollectionViewController.swift */,
				748F52B31E4EAA4800309B79 /* MemeCollectionViewCell.swift */,
				749E97841E50D07000277260 /* DetailViewController.swift */,
			);
			path = PickImage;
			sourceTree = "<group>";
		};
/* End PBXGroup section */

/* Begin PBXNativeTarget section */
		74C61ADB1DCFEAC000167129 /* PickImage */ = {
			isa = PBXNativeTarget;
			buildConfigurationList = 74C61AEE1DCFEAC100167129 /* Build configuration list for PBXNativeTarget "PickImage" */;
			buildPhases = (
				74C61AD81DCFEAC000167129 /* Sources */,
				74C61AD91DCFEAC000167129 /* Frameworks */,
				74C61ADA1DCFEAC000167129 /* Resources */,
			);
			buildRules = (
			);
			dependencies = (
			);
			name = PickImage;
			productName = PickImage;
			productReference = 74C61ADC1DCFEAC100167129 /* PickImage.app */;
			productType = "com.apple.product-type.application";
		};
/* End PBXNativeTarget section */

/* Begin PBXProject section */
		74C61AD41DCFEABF00167129 /* Project object */ = {
			isa = PBXProject;
			attributes = {
				LastSwiftUpdateCheck = 0810;
				LastUpgradeCheck = 0820;
				ORGANIZATIONNAME = "Kevin Reese";
				TargetAttributes = {
					74C61ADB1DCFEAC000167129 = {
						CreatedOnToolsVersion = 8.1;
						DevelopmentTeam = P2H472GCNB;
						ProvisioningStyle = Automatic;
					};
				};
			};
			buildConfigurationList = 74C61AD71DCFEABF00167129 /* Build configuration list for PBXProject "PickImage" */;
			compatibilityVersion = "Xcode 3.2";
			developmentRegion = English;
			hasScannedForEncodings = 0;
			knownRegions = (
				en,
				Base,
			);
			mainGroup = 74C61AD31DCFEABF00167129;
			productRefGroup = 74C61ADD1DCFEAC100167129 /* Products */;
			projectDirPath = "";
			projectRoot = "";
			targets = (
				74C61ADB1DCFEAC000167129 /* PickImage */,
			);
		};
/* End PBXProject section */

/* Begin PBXResourcesBuildPhase section */
		74C61ADA1DCFEAC000167129 /* Resources */ = {
			isa = PBXResourcesBuildPhase;
			buildActionMask = 2147483647;
			files = (
				74C61AEA1DCFEAC100167129 /* LaunchScreen.storyboard in Resources */,
				74C61AE71DCFEAC100167129 /* Assets.xcassets in Resources */,
				74C61AE51DCFEAC100167129 /* Main.storyboard in Resources */,
			);
			runOnlyForDeploymentPostprocessing = 0;
		};
/* End PBXResourcesBuildPhase section */

/* Begin PBXSourcesBuildPhase section */
		74C61AD81DCFEAC000167129 /* Sources */ = {
			isa = PBXSourcesBuildPhase;
			buildActionMask = 2147483647;
			files = (
				748F52B41E4EAA4800309B79 /* MemeCollectionViewCell.swift in Sources */,
				74C61AE21DCFEAC100167129 /* MemeImageController.swift in Sources */,
				748CF9C81E350EAD00796FE3 /* HelperFile.swift in Sources */,
				74C61AE01DCFEAC100167129 /* AppDelegate.swift in Sources */,
				748F52B01E4E87C300309B79 /* SentMemeTableViewController.swift in Sources */,
				748F52B21E4E87E700309B79 /* MemeCollectionViewController.swift in Sources */,
				749E97851E50D07000277260 /* DetailViewController.swift in Sources */,
			);
			runOnlyForDeploymentPostprocessing = 0;
		};
/* End PBXSourcesBuildPhase section */

/* Begin PBXVariantGroup section */
		74C61AE31DCFEAC100167129 /* Main.storyboard */ = {
			isa = PBXVariantGroup;
			children = (
				74C61AE41DCFEAC100167129 /* Base */,
			);
			name = Main.storyboard;
			sourceTree = "<group>";
		};
		74C61AE81DCFEAC100167129 /* LaunchScreen.storyboard */ = {
			isa = PBXVariantGroup;
			children = (
				74C61AE91DCFEAC100167129 /* Base */,
			);
			name = LaunchScreen.storyboard;
			sourceTree = "<group>";
		};
/* End PBXVariantGroup section */

/* Begin XCBuildConfiguration section */
		74C61AEC1DCFEAC100167129 /* Debug */ = {
			isa = XCBuildConfiguration;
			buildSettings = {
				ALWAYS_SEARCH_USER_PATHS = NO;
				CLANG_ANALYZER_NONNULL = YES;
				CLANG_CXX_LANGUAGE_STANDARD = "gnu++0x";
				CLANG_CXX_LIBRARY = "libc++";
				CLANG_ENABLE_MODULES = YES;
				CLANG_ENABLE_OBJC_ARC = YES;
				CLANG_WARN_BOOL_CONVERSION = YES;
				CLANG_WARN_CONSTANT_CONVERSION = YES;
				CLANG_WARN_DIRECT_OBJC_ISA_USAGE = YES_ERROR;
				CLANG_WARN_DOCUMENTATION_COMMENTS = YES;
				CLANG_WARN_EMPTY_BODY = YES;
				CLANG_WARN_ENUM_CONVERSION = YES;
				CLANG_WARN_INFINITE_RECURSION = YES;
				CLANG_WARN_INT_CONVERSION = YES;
				CLANG_WARN_OBJC_ROOT_CLASS = YES_ERROR;
				CLANG_WARN_SUSPICIOUS_MOVE = YES;
				CLANG_WARN_SUSPICIOUS_MOVES = YES;
				CLANG_WARN_UNREACHABLE_CODE = YES;
				CLANG_WARN__DUPLICATE_METHOD_MATCH = YES;
				CODE_SIGN_IDENTITY = "iPhone Developer: kr7311@att.com (Q4D9J84NQ8)";
				"CODE_SIGN_IDENTITY[sdk=iphoneos*]" = "iPhone Developer";
				COPY_PHASE_STRIP = NO;
				DEBUG_INFORMATION_FORMAT = dwarf;
				DEVELOPMENT_TEAM = P2H472GCNB;
				ENABLE_STRICT_OBJC_MSGSEND = YES;
				ENABLE_TESTABILITY = YES;
				GCC_C_LANGUAGE_STANDARD = gnu99;
				GCC_DYNAMIC_NO_PIC = NO;
				GCC_NO_COMMON_BLOCKS = YES;
				GCC_OPTIMIZATION_LEVEL = 0;
				GCC_PREPROCESSOR_DEFINITIONS = (
					"DEBUG=1",
					"$(inherited)",
				);
				GCC_WARN_64_TO_32_BIT_CONVERSION = YES;
				GCC_WARN_ABOUT_RETURN_TYPE = YES_ERROR;
				GCC_WARN_UNDECLARED_SELECTOR = YES;
				GCC_WARN_UNINITIALIZED_AUTOS = YES_AGGRESSIVE;
				GCC_WARN_UNUSED_FUNCTION = YES;
				GCC_WARN_UNUSED_VARIABLE = YES;
				IPHONEOS_DEPLOYMENT_TARGET = 10.1;
				MTL_ENABLE_DEBUG_INFO = YES;
				ONLY_ACTIVE_ARCH = YES;
				SDKROOT = iphoneos;
				SWIFT_ACTIVE_COMPILATION_CONDITIONS = DEBUG;
				SWIFT_OPTIMIZATION_LEVEL = "-Onone";
				TARGETED_DEVICE_FAMILY = "1,2";
			};
			name = Debug;
		};
		74C61AED1DCFEAC100167129 /* Release */ = {
			isa = XCBuildConfiguration;
			buildSettings = {
				ALWAYS_SEARCH_USER_PATHS = NO;
				CLANG_ANALYZER_NONNULL = YES;
				CLANG_CXX_LANGUAGE_STANDARD = "gnu++0x";
				CLANG_CXX_LIBRARY = "libc++";
				CLANG_ENABLE_MODULES = YES;
				CLANG_ENABLE_OBJC_ARC = YES;
				CLANG_WARN_BOOL_CONVERSION = YES;
				CLANG_WARN_CONSTANT_CONVERSION = YES;
				CLANG_WARN_DIRECT_OBJC_ISA_USAGE = YES_ERROR;
				CLANG_WARN_DOCUMENTATION_COMMENTS = YES;
				CLANG_WARN_EMPTY_BODY = YES;
				CLANG_WARN_ENUM_CONVERSION = YES;
				CLANG_WARN_INFINITE_RECURSION = YES;
				CLANG_WARN_INT_CONVERSION = YES;
				CLANG_WARN_OBJC_ROOT_CLASS = YES_ERROR;
				CLANG_WARN_SUSPICIOUS_MOVE = YES;
				CLANG_WARN_SUSPICIOUS_MOVES = YES;
				CLANG_WARN_UNREACHABLE_CODE = YES;
				CLANG_WARN__DUPLICATE_METHOD_MATCH = YES;
				CODE_SIGN_IDENTITY = "iPhone Developer: kr7311@att.com (Q4D9J84NQ8)";
				"CODE_SIGN_IDENTITY[sdk=iphoneos*]" = "iPhone Developer";
				COPY_PHASE_STRIP = NO;
				DEBUG_INFORMATION_FORMAT = "dwarf-with-dsym";
				DEVELOPMENT_TEAM = P2H472GCNB;
				ENABLE_NS_ASSERTIONS = NO;
				ENABLE_STRICT_OBJC_MSGSEND = YES;
				GCC_C_LANGUAGE_STANDARD = gnu99;
				GCC_NO_COMMON_BLOCKS = YES;
				GCC_WARN_64_TO_32_BIT_CONVERSION = YES;
				GCC_WARN_ABOUT_RETURN_TYPE = YES_ERROR;
				GCC_WARN_UNDECLARED_SELECTOR = YES;
				GCC_WARN_UNINITIALIZED_AUTOS = YES_AGGRESSIVE;
				GCC_WARN_UNUSED_FUNCTION = YES;
				GCC_WARN_UNUSED_VARIABLE = YES;
				IPHONEOS_DEPLOYMENT_TARGET = 10.1;
				MTL_ENABLE_DEBUG_INFO = NO;
				SDKROOT = iphoneos;
				SWIFT_OPTIMIZATION_LEVEL = "-Owholemodule";
				TARGETED_DEVICE_FAMILY = "1,2";
				VALIDATE_PRODUCT = YES;
			};
			name = Release;
		};
		74C61AEF1DCFEAC100167129 /* Debug */ = {
			isa = XCBuildConfiguration;
			buildSettings = {
				ASSETCATALOG_COMPILER_APPICON_NAME = AppIcon;
				INFOPLIST_FILE = PickImage/Info.plist;
				LD_RUNPATH_SEARCH_PATHS = "$(inherited) @executable_path/Frameworks";
				PRODUCT_BUNDLE_IDENTIFIER = com.Udacity.PickImage;
				PRODUCT_NAME = "$(TARGET_NAME)";
				SWIFT_VERSION = 3.0;
			};
			name = Debug;
		};
		74C61AF01DCFEAC100167129 /* Release */ = {
			isa = XCBuildConfiguration;
			buildSettings = {
				ASSETCATALOG_COMPILER_APPICON_NAME = AppIcon;
				INFOPLIST_FILE = PickImage/Info.plist;
				LD_RUNPATH_SEARCH_PATHS = "$(inherited) @executable_path/Frameworks";
				PRODUCT_BUNDLE_IDENTIFIER = com.Udacity.PickImage;
				PRODUCT_NAME = "$(TARGET_NAME)";
				SWIFT_VERSION = 3.0;
			};
			name = Release;
		};
/* End XCBuildConfiguration section */

/* Begin XCConfigurationList section */
		74C61AD71DCFEABF00167129 /* Build configuration list for PBXProject "PickImage" */ = {
			isa = XCConfigurationList;
			buildConfigurations = (
				74C61AEC1DCFEAC100167129 /* Debug */,
				74C61AED1DCFEAC100167129 /* Release */,
			);
			defaultConfigurationIsVisible = 0;
			defaultConfigurationName = Debug;
		};
		74C61AEE1DCFEAC100167129 /* Build configuration list for PBXNativeTarget "PickImage" */ = {
			isa = XCConfigurationList;
			buildConfigurations = (
				74C61AEF1DCFEAC100167129 /* Debug */,
				74C61AF01DCFEAC100167129 /* Release */,
			);
			defaultConfigurationIsVisible = 0;
			defaultConfigurationName = Debug;
		};
/* End XCConfigurationList section */
	};
	rootObject = 74C61AD41DCFEABF00167129 /* Project object */;
}
